
Microsoft Visual Studio Solution File, Format Version 12.00
# Visual Studio 15
Project("{FAE04EC0-301F-11D3-BF4B-00C04F79EFBC}") = "Assembly-CSharp", "Assembly-CSharp.csproj", "{675F37CB-7BF9-2380-B7E6-185BF6B1F5A0}"
EndProject
Project("{FAE04EC0-301F-11D3-BF4B-00C04F79EFBC}") = "Coffee.UIParticle", "Coffee.UIParticle.csproj", "{59069D3A-68EB-756D-8B7A-2BA3992E2E6B}"
EndProject
Project("{FAE04EC0-301F-11D3-BF4B-00C04F79EFBC}") = "Coffee.UIParticle.Editor", "Coffee.UIParticle.Editor.csproj", "{29241D66-8B1D-F257-F9F8-E51EEAEC59AA}"
EndProject
Global
	GlobalSection(SolutionConfigurationPlatforms) = preSolution
		Debug|Any CPU = Debug|Any CPU
		Release|Any CPU = Release|Any CPU
	EndGlobalSection
	GlobalSection(ProjectConfigurationPlatforms) = postSolution
		{675F37CB-7BF9-2380-B7E6-185BF6B1F5A0}.Debug|Any CPU.ActiveCfg = Debug|Any CPU
		{675F37CB-7BF9-2380-B7E6-185BF6B1F5A0}.Debug|Any CPU.Build.0 = Debug|Any CPU
		{675F37CB-7BF9-2380-B7E6-185BF6B1F5A0}.Release|Any CPU.ActiveCfg = Release|Any CPU
		{675F37CB-7BF9-2380-B7E6-185BF6B1F5A0}.Release|Any CPU.Build.0 = Release|Any CPU
		{59069D3A-68EB-756D-8B7A-2BA3992E2E6B}.Debug|Any CPU.ActiveCfg = Debug|Any CPU
		{59069D3A-68EB-756D-8B7A-2BA3992E2E6B}.Debug|Any CPU.Build.0 = Debug|Any CPU
		{59069D3A-68EB-756D-8B7A-2BA3992E2E6B}.Release|Any CPU.ActiveCfg = Release|Any CPU
		{59069D3A-68EB-756D-8B7A-2BA3992E2E6B}.Release|Any CPU.Build.0 = Release|Any CPU
		{29241D66-8B1D-F257-F9F8-E51EEAEC59AA}.Debug|Any CPU.ActiveCfg = Debug|Any CPU
		{29241D66-8B1D-F257-F9F8-E51EEAEC59AA}.Debug|Any CPU.Build.0 = Debug|Any CPU
		{29241D66-8B1D-F257-F9F8-E51EEAEC59AA}.Release|Any CPU.ActiveCfg = Release|Any CPU
		{29241D66-8B1D-F257-F9F8-E51EEAEC59AA}.Release|Any CPU.Build.0 = Release|Any CPU
	EndGlobalSection
	GlobalSection(SolutionProperties) = preSolution
		HideSolutionNode = FALSE
	EndGlobalSection
EndGlobal
