
Microsoft Visual Studio Solution File, Format Version 12.00
# Visual Studio 15
Project("{FAE04EC0-301F-11D3-BF4B-00C04F79EFBC}") = "Assembly-CSharp", "Assembly-CSharp.csproj", "{675F37CB-7BF9-2380-B7E6-185BF6B1F5A0}"
EndProject
Project("{FAE04EC0-301F-11D3-BF4B-00C04F79EFBC}") = "Coffee.UIParticle", "Coffee.UIParticle.csproj", "{59069D3A-68EB-756D-8B7A-2BA3992E2E6B}"
EndProject
Project("{FAE04EC0-301F-11D3-BF4B-00C04F79EFBC}") = "CFXRRuntime", "CFXRRuntime.csproj", "{CC542831-1790-86EE-DB41-F56C311572E5}"
EndProject
Project("{FAE04EC0-301F-11D3-BF4B-00C04F79EFBC}") = "KinoBloom.Runtime", "KinoBloom.Runtime.csproj", "{55198622-3AFE-3503-86A8-7B551600C6D4}"
EndProject
Project("{FAE04EC0-301F-11D3-BF4B-00C04F79EFBC}") = "CFXRDemo", "CFXRDemo.csproj", "{7F03D1F6-7B26-7476-7710-78F75E721B3B}"
EndProject
Project("{FAE04EC0-301F-11D3-BF4B-00C04F79EFBC}") = "CFXR.WelcomeScreen", "CFXR.WelcomeScreen.csproj", "{D9FA04B4-8928-4690-8F41-8A866D0B277A}"
EndProject
Project("{FAE04EC0-301F-11D3-BF4B-00C04F79EFBC}") = "CFXREditor", "CFXREditor.csproj", "{E65B68A5-F0FA-529C-2659-4ADB873845CF}"
EndProject
Project("{FAE04EC0-301F-11D3-BF4B-00C04F79EFBC}") = "ToonyColorsPro.Demo.Editor", "ToonyColorsPro.Demo.Editor.csproj", "{82F78FD8-4F26-4F66-6B03-A5ECD0D73BF2}"
EndProject
Project("{FAE04EC0-301F-11D3-BF4B-00C04F79EFBC}") = "Coffee.UIParticle.Editor", "Coffee.UIParticle.Editor.csproj", "{29241D66-8B1D-F257-F9F8-E51EEAEC59AA}"
EndProject
Global
	GlobalSection(SolutionConfigurationPlatforms) = preSolution
		Debug|Any CPU = Debug|Any CPU
		Release|Any CPU = Release|Any CPU
	EndGlobalSection
	GlobalSection(ProjectConfigurationPlatforms) = postSolution
		{675F37CB-7BF9-2380-B7E6-185BF6B1F5A0}.Debug|Any CPU.ActiveCfg = Debug|Any CPU
		{675F37CB-7BF9-2380-B7E6-185BF6B1F5A0}.Debug|Any CPU.Build.0 = Debug|Any CPU
		{675F37CB-7BF9-2380-B7E6-185BF6B1F5A0}.Release|Any CPU.ActiveCfg = Release|Any CPU
		{675F37CB-7BF9-2380-B7E6-185BF6B1F5A0}.Release|Any CPU.Build.0 = Release|Any CPU
		{59069D3A-68EB-756D-8B7A-2BA3992E2E6B}.Debug|Any CPU.ActiveCfg = Debug|Any CPU
		{59069D3A-68EB-756D-8B7A-2BA3992E2E6B}.Debug|Any CPU.Build.0 = Debug|Any CPU
		{59069D3A-68EB-756D-8B7A-2BA3992E2E6B}.Release|Any CPU.ActiveCfg = Release|Any CPU
		{59069D3A-68EB-756D-8B7A-2BA3992E2E6B}.Release|Any CPU.Build.0 = Release|Any CPU
		{CC542831-1790-86EE-DB41-F56C311572E5}.Debug|Any CPU.ActiveCfg = Debug|Any CPU
		{CC542831-1790-86EE-DB41-F56C311572E5}.Debug|Any CPU.Build.0 = Debug|Any CPU
		{CC542831-1790-86EE-DB41-F56C311572E5}.Release|Any CPU.ActiveCfg = Release|Any CPU
		{CC542831-1790-86EE-DB41-F56C311572E5}.Release|Any CPU.Build.0 = Release|Any CPU
		{55198622-3AFE-3503-86A8-7B551600C6D4}.Debug|Any CPU.ActiveCfg = Debug|Any CPU
		{55198622-3AFE-3503-86A8-7B551600C6D4}.Debug|Any CPU.Build.0 = Debug|Any CPU
		{55198622-3AFE-3503-86A8-7B551600C6D4}.Release|Any CPU.ActiveCfg = Release|Any CPU
		{55198622-3AFE-3503-86A8-7B551600C6D4}.Release|Any CPU.Build.0 = Release|Any CPU
		{7F03D1F6-7B26-7476-7710-78F75E721B3B}.Debug|Any CPU.ActiveCfg = Debug|Any CPU
		{7F03D1F6-7B26-7476-7710-78F75E721B3B}.Debug|Any CPU.Build.0 = Debug|Any CPU
		{7F03D1F6-7B26-7476-7710-78F75E721B3B}.Release|Any CPU.ActiveCfg = Release|Any CPU
		{7F03D1F6-7B26-7476-7710-78F75E721B3B}.Release|Any CPU.Build.0 = Release|Any CPU
		{D9FA04B4-8928-4690-8F41-8A866D0B277A}.Debug|Any CPU.ActiveCfg = Debug|Any CPU
		{D9FA04B4-8928-4690-8F41-8A866D0B277A}.Debug|Any CPU.Build.0 = Debug|Any CPU
		{D9FA04B4-8928-4690-8F41-8A866D0B277A}.Release|Any CPU.ActiveCfg = Release|Any CPU
		{D9FA04B4-8928-4690-8F41-8A866D0B277A}.Release|Any CPU.Build.0 = Release|Any CPU
		{E65B68A5-F0FA-529C-2659-4ADB873845CF}.Debug|Any CPU.ActiveCfg = Debug|Any CPU
		{E65B68A5-F0FA-529C-2659-4ADB873845CF}.Debug|Any CPU.Build.0 = Debug|Any CPU
		{E65B68A5-F0FA-529C-2659-4ADB873845CF}.Release|Any CPU.ActiveCfg = Release|Any CPU
		{E65B68A5-F0FA-529C-2659-4ADB873845CF}.Release|Any CPU.Build.0 = Release|Any CPU
		{82F78FD8-4F26-4F66-6B03-A5ECD0D73BF2}.Debug|Any CPU.ActiveCfg = Debug|Any CPU
		{82F78FD8-4F26-4F66-6B03-A5ECD0D73BF2}.Debug|Any CPU.Build.0 = Debug|Any CPU
		{82F78FD8-4F26-4F66-6B03-A5ECD0D73BF2}.Release|Any CPU.ActiveCfg = Release|Any CPU
		{82F78FD8-4F26-4F66-6B03-A5ECD0D73BF2}.Release|Any CPU.Build.0 = Release|Any CPU
		{29241D66-8B1D-F257-F9F8-E51EEAEC59AA}.Debug|Any CPU.ActiveCfg = Debug|Any CPU
		{29241D66-8B1D-F257-F9F8-E51EEAEC59AA}.Debug|Any CPU.Build.0 = Debug|Any CPU
		{29241D66-8B1D-F257-F9F8-E51EEAEC59AA}.Release|Any CPU.ActiveCfg = Release|Any CPU
		{29241D66-8B1D-F257-F9F8-E51EEAEC59AA}.Release|Any CPU.Build.0 = Release|Any CPU
	EndGlobalSection
	GlobalSection(SolutionProperties) = preSolution
		HideSolutionNode = FALSE
	EndGlobalSection
EndGlobal
